
Microsoft Visual Studio Solution File, Format Version 12.00
# Visual Studio Version 17
VisualStudioVersion = 17.4.33213.308
MinimumVisualStudioVersion = 10.0.40219.1
Project("{9A19103F-16F7-4668-BE54-9A1E7A4F7556}") = "SuperMarketAPI", "SuperMarketAPI.csproj", "{D8DC2188-355A-4B52-B1EE-8352797775AE}"
EndProject
Project("{9A19103F-16F7-4668-BE54-9A1E7A4F7556}") = "Contracts", "..\Contracts\Contracts.csproj", "{94527008-1228-45D4-8A89-D8D372E14FE3}"
EndProject
Project("{FAE04EC0-301F-11D3-BF4B-00C04F79EFBC}") = "LoggerService", "..\LoggerService\LoggerService.csproj", "{F72CC946-FD28-431A-BAC5-7FA0E4BDEC74}"
EndProject
Project("{FAE04EC0-301F-11D3-BF4B-00C04F79EFBC}") = "Entities", "..\Entities\Entities.csproj", "{8F2B5AFD-3925-451C-BE57-6D67167ADF25}"
EndProject
Project("{FAE04EC0-301F-11D3-BF4B-00C04F79EFBC}") = "Repository", "..\Repository\Repository.csproj", "{11D4B182-6F23-4676-978E-ECF73858B089}"
EndProject
Global
	GlobalSection(SolutionConfigurationPlatforms) = preSolution
		Debug|Any CPU = Debug|Any CPU
		Release|Any CPU = Release|Any CPU
	EndGlobalSection
	GlobalSection(ProjectConfigurationPlatforms) = postSolution
		{D8DC2188-355A-4B52-B1EE-8352797775AE}.Debug|Any CPU.ActiveCfg = Debug|Any CPU
		{D8DC2188-355A-4B52-B1EE-8352797775AE}.Debug|Any CPU.Build.0 = Debug|Any CPU
		{D8DC2188-355A-4B52-B1EE-8352797775AE}.Release|Any CPU.ActiveCfg = Release|Any CPU
		{D8DC2188-355A-4B52-B1EE-8352797775AE}.Release|Any CPU.Build.0 = Release|Any CPU
		{94527008-1228-45D4-8A89-D8D372E14FE3}.Debug|Any CPU.ActiveCfg = Debug|Any CPU
		{94527008-1228-45D4-8A89-D8D372E14FE3}.Debug|Any CPU.Build.0 = Debug|Any CPU
		{94527008-1228-45D4-8A89-D8D372E14FE3}.Release|Any CPU.ActiveCfg = Release|Any CPU
		{94527008-1228-45D4-8A89-D8D372E14FE3}.Release|Any CPU.Build.0 = Release|Any CPU
		{F72CC946-FD28-431A-BAC5-7FA0E4BDEC74}.Debug|Any CPU.ActiveCfg = Debug|Any CPU
		{F72CC946-FD28-431A-BAC5-7FA0E4BDEC74}.Debug|Any CPU.Build.0 = Debug|Any CPU
		{F72CC946-FD28-431A-BAC5-7FA0E4BDEC74}.Release|Any CPU.ActiveCfg = Release|Any CPU
		{F72CC946-FD28-431A-BAC5-7FA0E4BDEC74}.Release|Any CPU.Build.0 = Release|Any CPU
		{8F2B5AFD-3925-451C-BE57-6D67167ADF25}.Debug|Any CPU.ActiveCfg = Debug|Any CPU
		{8F2B5AFD-3925-451C-BE57-6D67167ADF25}.Debug|Any CPU.Build.0 = Debug|Any CPU
		{8F2B5AFD-3925-451C-BE57-6D67167ADF25}.Release|Any CPU.ActiveCfg = Release|Any CPU
		{8F2B5AFD-3925-451C-BE57-6D67167ADF25}.Release|Any CPU.Build.0 = Release|Any CPU
		{11D4B182-6F23-4676-978E-ECF73858B089}.Debug|Any CPU.ActiveCfg = Debug|Any CPU
		{11D4B182-6F23-4676-978E-ECF73858B089}.Debug|Any CPU.Build.0 = Debug|Any CPU
		{11D4B182-6F23-4676-978E-ECF73858B089}.Release|Any CPU.ActiveCfg = Release|Any CPU
		{11D4B182-6F23-4676-978E-ECF73858B089}.Release|Any CPU.Build.0 = Release|Any CPU
	EndGlobalSection
	GlobalSection(SolutionProperties) = preSolution
		HideSolutionNode = FALSE
	EndGlobalSection
	GlobalSection(ExtensibilityGlobals) = postSolution
		SolutionGuid = {87CDF386-CC02-45E4-A35E-E24D3E5935CD}
	EndGlobalSection
EndGlobal
